
Microsoft Visual Studio Solution File, Format Version 12.00
# Visual Studio Version 17
VisualStudioVersion = 17.12.35527.113
MinimumVisualStudioVersion = 10.0.40219.1
Project("{FAE04EC0-301F-11D3-BF4B-00C04F79EFBC}") = "CurrencyConverterAPI", "CurrencyConverterAPI.csproj", "{E5A67FC9-95F4-4477-9289-03BE9263DDE6}"
EndProject
Project("{FAE04EC0-301F-11D3-BF4B-00C04F79EFBC}") = "CurrencyConverterAPI.Tests", "..\CurrencyConverterAPI.Tests\CurrencyConverterAPI.Tests.csproj", "{3F793FFC-9E99-46D4-8B3C-6CCAC03F627C}"
EndProject
Global
	GlobalSection(SolutionConfigurationPlatforms) = preSolution
		Debug|Any CPU = Debug|Any CPU
		Release|Any CPU = Release|Any CPU
	EndGlobalSection
	GlobalSection(ProjectConfigurationPlatforms) = postSolution
		{E5A67FC9-95F4-4477-9289-03BE9263DDE6}.Debug|Any CPU.ActiveCfg = Debug|Any CPU
		{E5A67FC9-95F4-4477-9289-03BE9263DDE6}.Debug|Any CPU.Build.0 = Debug|Any CPU
		{E5A67FC9-95F4-4477-9289-03BE9263DDE6}.Release|Any CPU.ActiveCfg = Release|Any CPU
		{E5A67FC9-95F4-4477-9289-03BE9263DDE6}.Release|Any CPU.Build.0 = Release|Any CPU
		{3F793FFC-9E99-46D4-8B3C-6CCAC03F627C}.Debug|Any CPU.ActiveCfg = Debug|Any CPU
		{3F793FFC-9E99-46D4-8B3C-6CCAC03F627C}.Debug|Any CPU.Build.0 = Debug|Any CPU
		{3F793FFC-9E99-46D4-8B3C-6CCAC03F627C}.Release|Any CPU.ActiveCfg = Release|Any CPU
		{3F793FFC-9E99-46D4-8B3C-6CCAC03F627C}.Release|Any CPU.Build.0 = Release|Any CPU
	EndGlobalSection
	GlobalSection(SolutionProperties) = preSolution
		HideSolutionNode = FALSE
	EndGlobalSection
EndGlobal
